
Microsoft Visual Studio Solution File, Format Version 12.00
# Visual Studio 2012
Project("{FAE04EC0-301F-11D3-BF4B-00C04F79EFBC}") = "App.Domain", "App.Backend\App.Domain\App.Domain.csproj", "{976C7A43-40DF-476C-AF2F-C6028D7AE019}"
EndProject
Project("{FAE04EC0-301F-11D3-BF4B-00C04F79EFBC}") = "App.ApplicationService", "App.Backend\App.ApplicationService\App.ApplicationService.csproj", "{3DBC9BF7-77FF-405C-B367-EF43C32ABBAE}"
EndProject
Project("{FAE04EC0-301F-11D3-BF4B-00C04F79EFBC}") = "App.Infrastructure", "App.Backend\App.Infrastructure\App.Infrastructure.csproj", "{4A7E64CE-02C1-47CE-A679-236A89E3A938}"
EndProject
Project("{FAE04EC0-301F-11D3-BF4B-00C04F79EFBC}") = "App.CrossCutting", "App.Backend\App.CrossCutting\App.CrossCutting.csproj", "{BA020EB8-218C-4978-A577-8769B07D1B47}"
EndProject
Project("{FAE04EC0-301F-11D3-BF4B-00C04F79EFBC}") = "App.Rest", "App.Backend\App.Rest\App.Rest.csproj", "{F6373638-6E43-436D-A67C-238DAE007B62}"
EndProject
Project("{2150E333-8FDC-42A3-9474-1A3956D46DE8}") = "Backend", "Backend", "{94A0A35A-FBE4-496B-A7F5-C66881ECC31E}"
EndProject
Project("{2150E333-8FDC-42A3-9474-1A3956D46DE8}") = "WebApplication", "WebApplication", "{E7EC5211-6FA2-4ED4-8204-DB59B720F55B}"
EndProject
Project("{FAE04EC0-301F-11D3-BF4B-00C04F79EFBC}") = "App.WebApp", "App.WebApp\App.WebApp.csproj", "{095E5F49-523B-4680-802F-F3F6A3D088D6}"
EndProject
Project("{2150E333-8FDC-42A3-9474-1A3956D46DE8}") = "Cloud", "Cloud", "{B6219B52-DC15-4985-9ED9-356CF0A74927}"
EndProject
Project("{CC5FD16D-436D-48AD-A40C-5A424C6E3E79}") = "App.CloudSite", "App.Cloud\App.CloudSite.ccproj", "{5A909BA1-718C-4346-A675-DEAAB039742F}"
EndProject
Project("{FAE04EC0-301F-11D3-BF4B-00C04F79EFBC}") = "App.DomainServices", "App.Backend\App.DomainServices\App.DomainServices.csproj", "{8F0C9E30-5071-49C4-9B68-443950757988}"
EndProject
Global
	GlobalSection(SolutionConfigurationPlatforms) = preSolution
		Debug|Any CPU = Debug|Any CPU
		Release|Any CPU = Release|Any CPU
	EndGlobalSection
	GlobalSection(ProjectConfigurationPlatforms) = postSolution
		{976C7A43-40DF-476C-AF2F-C6028D7AE019}.Debug|Any CPU.ActiveCfg = Debug|Any CPU
		{976C7A43-40DF-476C-AF2F-C6028D7AE019}.Debug|Any CPU.Build.0 = Debug|Any CPU
		{976C7A43-40DF-476C-AF2F-C6028D7AE019}.Release|Any CPU.ActiveCfg = Release|Any CPU
		{976C7A43-40DF-476C-AF2F-C6028D7AE019}.Release|Any CPU.Build.0 = Release|Any CPU
		{3DBC9BF7-77FF-405C-B367-EF43C32ABBAE}.Debug|Any CPU.ActiveCfg = Debug|Any CPU
		{3DBC9BF7-77FF-405C-B367-EF43C32ABBAE}.Debug|Any CPU.Build.0 = Debug|Any CPU
		{3DBC9BF7-77FF-405C-B367-EF43C32ABBAE}.Release|Any CPU.ActiveCfg = Release|Any CPU
		{3DBC9BF7-77FF-405C-B367-EF43C32ABBAE}.Release|Any CPU.Build.0 = Release|Any CPU
		{4A7E64CE-02C1-47CE-A679-236A89E3A938}.Debug|Any CPU.ActiveCfg = Debug|Any CPU
		{4A7E64CE-02C1-47CE-A679-236A89E3A938}.Debug|Any CPU.Build.0 = Debug|Any CPU
		{4A7E64CE-02C1-47CE-A679-236A89E3A938}.Release|Any CPU.ActiveCfg = Release|Any CPU
		{4A7E64CE-02C1-47CE-A679-236A89E3A938}.Release|Any CPU.Build.0 = Release|Any CPU
		{BA020EB8-218C-4978-A577-8769B07D1B47}.Debug|Any CPU.ActiveCfg = Debug|Any CPU
		{BA020EB8-218C-4978-A577-8769B07D1B47}.Debug|Any CPU.Build.0 = Debug|Any CPU
		{BA020EB8-218C-4978-A577-8769B07D1B47}.Release|Any CPU.ActiveCfg = Release|Any CPU
		{BA020EB8-218C-4978-A577-8769B07D1B47}.Release|Any CPU.Build.0 = Release|Any CPU
		{F6373638-6E43-436D-A67C-238DAE007B62}.Debug|Any CPU.ActiveCfg = Debug|Any CPU
		{F6373638-6E43-436D-A67C-238DAE007B62}.Debug|Any CPU.Build.0 = Debug|Any CPU
		{F6373638-6E43-436D-A67C-238DAE007B62}.Release|Any CPU.ActiveCfg = Release|Any CPU
		{F6373638-6E43-436D-A67C-238DAE007B62}.Release|Any CPU.Build.0 = Release|Any CPU
		{095E5F49-523B-4680-802F-F3F6A3D088D6}.Debug|Any CPU.ActiveCfg = Debug|Any CPU
		{095E5F49-523B-4680-802F-F3F6A3D088D6}.Debug|Any CPU.Build.0 = Debug|Any CPU
		{095E5F49-523B-4680-802F-F3F6A3D088D6}.Release|Any CPU.ActiveCfg = Release|Any CPU
		{095E5F49-523B-4680-802F-F3F6A3D088D6}.Release|Any CPU.Build.0 = Release|Any CPU
		{5A909BA1-718C-4346-A675-DEAAB039742F}.Debug|Any CPU.ActiveCfg = Debug|Any CPU
		{5A909BA1-718C-4346-A675-DEAAB039742F}.Debug|Any CPU.Build.0 = Debug|Any CPU
		{5A909BA1-718C-4346-A675-DEAAB039742F}.Release|Any CPU.ActiveCfg = Release|Any CPU
		{5A909BA1-718C-4346-A675-DEAAB039742F}.Release|Any CPU.Build.0 = Release|Any CPU
		{8F0C9E30-5071-49C4-9B68-443950757988}.Debug|Any CPU.ActiveCfg = Debug|Any CPU
		{8F0C9E30-5071-49C4-9B68-443950757988}.Debug|Any CPU.Build.0 = Debug|Any CPU
		{8F0C9E30-5071-49C4-9B68-443950757988}.Release|Any CPU.ActiveCfg = Release|Any CPU
		{8F0C9E30-5071-49C4-9B68-443950757988}.Release|Any CPU.Build.0 = Release|Any CPU
	EndGlobalSection
	GlobalSection(SolutionProperties) = preSolution
		HideSolutionNode = FALSE
	EndGlobalSection
	GlobalSection(NestedProjects) = preSolution
		{3DBC9BF7-77FF-405C-B367-EF43C32ABBAE} = {94A0A35A-FBE4-496B-A7F5-C66881ECC31E}
		{4A7E64CE-02C1-47CE-A679-236A89E3A938} = {94A0A35A-FBE4-496B-A7F5-C66881ECC31E}
		{BA020EB8-218C-4978-A577-8769B07D1B47} = {94A0A35A-FBE4-496B-A7F5-C66881ECC31E}
		{F6373638-6E43-436D-A67C-238DAE007B62} = {94A0A35A-FBE4-496B-A7F5-C66881ECC31E}
		{976C7A43-40DF-476C-AF2F-C6028D7AE019} = {94A0A35A-FBE4-496B-A7F5-C66881ECC31E}
		{8F0C9E30-5071-49C4-9B68-443950757988} = {94A0A35A-FBE4-496B-A7F5-C66881ECC31E}
		{095E5F49-523B-4680-802F-F3F6A3D088D6} = {E7EC5211-6FA2-4ED4-8204-DB59B720F55B}
		{5A909BA1-718C-4346-A675-DEAAB039742F} = {B6219B52-DC15-4985-9ED9-356CF0A74927}
	EndGlobalSection
	GlobalSection(ExtensibilityGlobals) = postSolution
		EnterpriseLibraryConfigurationToolBinariesPath = packages\Unity.2.1.505.2\lib\NET35;packages\Unity.Interception.2.1.505.2\lib\NET35
	EndGlobalSection
EndGlobal
