
Microsoft Visual Studio Solution File, Format Version 12.00
# Visual Studio 2012
Project("{FAE04EC0-301F-11D3-BF4B-00C04F79EFBC}") = "App.Domain", "App.Domain\App.Domain.csproj", "{976C7A43-40DF-476C-AF2F-C6028D7AE019}"
EndProject
Project("{FAE04EC0-301F-11D3-BF4B-00C04F79EFBC}") = "App.ApplicationService", "App.ApplicationService\App.ApplicationService.csproj", "{3DBC9BF7-77FF-405C-B367-EF43C32ABBAE}"
EndProject
Project("{FAE04EC0-301F-11D3-BF4B-00C04F79EFBC}") = "App.DBModel", "App.DataModel\App.DBModel.csproj", "{EDD36140-60EB-4982-A6F8-BBB6E347BFC3}"
EndProject
Project("{FAE04EC0-301F-11D3-BF4B-00C04F79EFBC}") = "App.Infrastructure", "App.Infrastructure\App.Infrastructure.csproj", "{4A7E64CE-02C1-47CE-A679-236A89E3A938}"
EndProject
Project("{FAE04EC0-301F-11D3-BF4B-00C04F79EFBC}") = "App.CrossCutting", "App.CrossCutting\App.CrossCutting.csproj", "{BA020EB8-218C-4978-A577-8769B07D1B47}"
EndProject
Project("{FAE04EC0-301F-11D3-BF4B-00C04F79EFBC}") = "App.WebApp", "App.WebApp\App.WebApp.csproj", "{095E5F49-523B-4680-802F-F3F6A3D088D6}"
EndProject
Project("{FAE04EC0-301F-11D3-BF4B-00C04F79EFBC}") = "App.UI", "App.UI\App.UI.csproj", "{F6373638-6E43-436D-A67C-238DAE007B62}"
EndProject
Global
	GlobalSection(TeamFoundationVersionControl) = preSolution
		SccNumberOfProjects = 8
		SccEnterpriseProvider = {4CA58AB2-18FA-4F8D-95D4-32DDF27D184C}
		SccTeamFoundationServer = https://pablo6000.visualstudio.com/defaultcollection
		SccLocalPath0 = .
		SccProjectUniqueName1 = App.ApplicationService\\App.ApplicationService.csproj
		SccProjectName1 = App.ApplicationService
		SccLocalPath1 = App.ApplicationService
		SccProjectUniqueName2 = App.CrossCutting\\App.CrossCutting.csproj
		SccProjectName2 = App.CrossCutting
		SccLocalPath2 = App.CrossCutting
		SccProjectUniqueName3 = App.DataModel\\App.DBModel.csproj
		SccProjectName3 = App.DataModel
		SccLocalPath3 = App.DataModel
		SccProjectUniqueName4 = App.DistributedServices\\App.DistributedServices.csproj
		SccProjectName4 = App.DistributedServices
		SccLocalPath4 = App.DistributedServices
		SccProjectUniqueName5 = App.Domain\\App.Domain.csproj
		SccProjectName5 = App.Domain
		SccLocalPath5 = App.Domain
		SccProjectUniqueName6 = App.Infrastructure\\App.Infrastructure.csproj
		SccProjectName6 = App.Infrastructure
		SccLocalPath6 = App.Infrastructure
		SccProjectUniqueName7 = App.UI\\App.UI.csproj
		SccProjectName7 = App.UI
		SccLocalPath7 = App.UI
	EndGlobalSection
	GlobalSection(SolutionConfigurationPlatforms) = preSolution
		Debug|Any CPU = Debug|Any CPU
		Release|Any CPU = Release|Any CPU
	EndGlobalSection
	GlobalSection(ProjectConfigurationPlatforms) = postSolution
		{976C7A43-40DF-476C-AF2F-C6028D7AE019}.Debug|Any CPU.ActiveCfg = Debug|Any CPU
		{976C7A43-40DF-476C-AF2F-C6028D7AE019}.Debug|Any CPU.Build.0 = Debug|Any CPU
		{976C7A43-40DF-476C-AF2F-C6028D7AE019}.Release|Any CPU.ActiveCfg = Release|Any CPU
		{976C7A43-40DF-476C-AF2F-C6028D7AE019}.Release|Any CPU.Build.0 = Release|Any CPU
		{3DBC9BF7-77FF-405C-B367-EF43C32ABBAE}.Debug|Any CPU.ActiveCfg = Debug|Any CPU
		{3DBC9BF7-77FF-405C-B367-EF43C32ABBAE}.Debug|Any CPU.Build.0 = Debug|Any CPU
		{3DBC9BF7-77FF-405C-B367-EF43C32ABBAE}.Release|Any CPU.ActiveCfg = Release|Any CPU
		{3DBC9BF7-77FF-405C-B367-EF43C32ABBAE}.Release|Any CPU.Build.0 = Release|Any CPU
		{EDD36140-60EB-4982-A6F8-BBB6E347BFC3}.Debug|Any CPU.ActiveCfg = Debug|Any CPU
		{EDD36140-60EB-4982-A6F8-BBB6E347BFC3}.Debug|Any CPU.Build.0 = Debug|Any CPU
		{EDD36140-60EB-4982-A6F8-BBB6E347BFC3}.Release|Any CPU.ActiveCfg = Release|Any CPU
		{EDD36140-60EB-4982-A6F8-BBB6E347BFC3}.Release|Any CPU.Build.0 = Release|Any CPU
		{4A7E64CE-02C1-47CE-A679-236A89E3A938}.Debug|Any CPU.ActiveCfg = Debug|Any CPU
		{4A7E64CE-02C1-47CE-A679-236A89E3A938}.Debug|Any CPU.Build.0 = Debug|Any CPU
		{4A7E64CE-02C1-47CE-A679-236A89E3A938}.Release|Any CPU.ActiveCfg = Release|Any CPU
		{4A7E64CE-02C1-47CE-A679-236A89E3A938}.Release|Any CPU.Build.0 = Release|Any CPU
		{BA020EB8-218C-4978-A577-8769B07D1B47}.Debug|Any CPU.ActiveCfg = Debug|Any CPU
		{BA020EB8-218C-4978-A577-8769B07D1B47}.Debug|Any CPU.Build.0 = Debug|Any CPU
		{BA020EB8-218C-4978-A577-8769B07D1B47}.Release|Any CPU.ActiveCfg = Release|Any CPU
		{BA020EB8-218C-4978-A577-8769B07D1B47}.Release|Any CPU.Build.0 = Release|Any CPU
		{F6373638-6E43-436D-A67C-238DAE007B62}.Debug|Any CPU.ActiveCfg = Debug|Any CPU
		{F6373638-6E43-436D-A67C-238DAE007B62}.Debug|Any CPU.Build.0 = Debug|Any CPU
		{F6373638-6E43-436D-A67C-238DAE007B62}.Release|Any CPU.ActiveCfg = Release|Any CPU
		{F6373638-6E43-436D-A67C-238DAE007B62}.Release|Any CPU.Build.0 = Release|Any CPU
		{095E5F49-523B-4680-802F-F3F6A3D088D6}.Debug|Any CPU.ActiveCfg = Debug|Any CPU
		{095E5F49-523B-4680-802F-F3F6A3D088D6}.Debug|Any CPU.Build.0 = Debug|Any CPU
		{095E5F49-523B-4680-802F-F3F6A3D088D6}.Release|Any CPU.ActiveCfg = Release|Any CPU
		{095E5F49-523B-4680-802F-F3F6A3D088D6}.Release|Any CPU.Build.0 = Release|Any CPU
	EndGlobalSection
	GlobalSection(SolutionProperties) = preSolution
		HideSolutionNode = FALSE
	EndGlobalSection
	GlobalSection(ExtensibilityGlobals) = postSolution
		EnterpriseLibraryConfigurationToolBinariesPath = packages\Unity.2.1.505.2\lib\NET35;packages\Unity.Interception.2.1.505.2\lib\NET35
	EndGlobalSection
EndGlobal
